
Microsoft Visual Studio Solution File, Format Version 12.00
# Visual Studio 2012
Project("{FAE04EC0-301F-11D3-BF4B-00C04F79EFBC}") = "Mono.BlueZ", "Mono.BlueZ\Mono.BlueZ.csproj", "{204FAAAD-B023-4C0A-875D-BFCBEE8E58B8}"
EndProject
Project("{FAE04EC0-301F-11D3-BF4B-00C04F79EFBC}") = "Mono.BlueZ.DBus", "Mono.BlueZ.DBus\Mono.BlueZ.DBus.csproj", "{68E6EB3B-4076-48F6-9EB6-1181057C0977}"
EndProject
Project("{2150E333-8FDC-42A3-9474-1A3956D46DE8}") = "Solution Items", "Solution Items", "{34B8AA0E-8309-4F7F-95DA-94166B384DA1}"
	ProjectSection(SolutionItems) = preProject
		LICENSE = LICENSE
		README.md = README.md
	EndProjectSection
EndProject
Project("{FAE04EC0-301F-11D3-BF4B-00C04F79EFBC}") = "Mono.BlueZ.Console", "Mono.BlueZ.Console\Mono.BlueZ.Console.csproj", "{443FB2F2-4F16-4C60-9B37-614B609F119E}"
EndProject
Project("{2150E333-8FDC-42A3-9474-1A3956D46DE8}") = "lib", "lib", "{D4C7EBBA-F4B7-465A-9A13-FC52D8C928BA}"
EndProject
Project("{FAE04EC0-301F-11D3-BF4B-00C04F79EFBC}") = "dbus-sharp", "dbus-sharp\src\dbus-sharp.csproj", "{09A0200F-F3AF-4BD6-9EC4-E7D80D273E4C}"
EndProject
Global
	GlobalSection(SolutionConfigurationPlatforms) = preSolution
		Debug|Any CPU = Debug|Any CPU
		Release|Any CPU = Release|Any CPU
	EndGlobalSection
	GlobalSection(ProjectConfigurationPlatforms) = postSolution
		{09A0200F-F3AF-4BD6-9EC4-E7D80D273E4C}.Debug|Any CPU.ActiveCfg = Debug|Any CPU
		{09A0200F-F3AF-4BD6-9EC4-E7D80D273E4C}.Debug|Any CPU.Build.0 = Debug|Any CPU
		{09A0200F-F3AF-4BD6-9EC4-E7D80D273E4C}.Release|Any CPU.ActiveCfg = Release|Any CPU
		{09A0200F-F3AF-4BD6-9EC4-E7D80D273E4C}.Release|Any CPU.Build.0 = Release|Any CPU
		{204FAAAD-B023-4C0A-875D-BFCBEE8E58B8}.Debug|Any CPU.ActiveCfg = Debug|Any CPU
		{204FAAAD-B023-4C0A-875D-BFCBEE8E58B8}.Debug|Any CPU.Build.0 = Debug|Any CPU
		{204FAAAD-B023-4C0A-875D-BFCBEE8E58B8}.Release|Any CPU.ActiveCfg = Release|Any CPU
		{204FAAAD-B023-4C0A-875D-BFCBEE8E58B8}.Release|Any CPU.Build.0 = Release|Any CPU
		{443FB2F2-4F16-4C60-9B37-614B609F119E}.Debug|Any CPU.ActiveCfg = Debug|Any CPU
		{443FB2F2-4F16-4C60-9B37-614B609F119E}.Debug|Any CPU.Build.0 = Debug|Any CPU
		{443FB2F2-4F16-4C60-9B37-614B609F119E}.Release|Any CPU.ActiveCfg = Release|Any CPU
		{443FB2F2-4F16-4C60-9B37-614B609F119E}.Release|Any CPU.Build.0 = Release|Any CPU
		{68E6EB3B-4076-48F6-9EB6-1181057C0977}.Debug|Any CPU.ActiveCfg = Debug|Any CPU
		{68E6EB3B-4076-48F6-9EB6-1181057C0977}.Debug|Any CPU.Build.0 = Debug|Any CPU
		{68E6EB3B-4076-48F6-9EB6-1181057C0977}.Release|Any CPU.ActiveCfg = Release|Any CPU
		{68E6EB3B-4076-48F6-9EB6-1181057C0977}.Release|Any CPU.Build.0 = Release|Any CPU
	EndGlobalSection
	GlobalSection(NestedProjects) = preSolution
		{09A0200F-F3AF-4BD6-9EC4-E7D80D273E4C} = {D4C7EBBA-F4B7-465A-9A13-FC52D8C928BA}
	EndGlobalSection
	GlobalSection(MonoDevelopProperties) = preSolution
		StartupItem = Mono.BlueZ.Console\Mono.BlueZ.Console.csproj
	EndGlobalSection
EndGlobal
