
Microsoft Visual Studio Solution File, Format Version 12.00
# Visual Studio 2012
Project("{FAE04EC0-301F-11D3-BF4B-00C04F79EFBC}") = "Mono.BlueZ", "Mono.BlueZ\Mono.BlueZ.csproj", "{204FAAAD-B023-4C0A-875D-BFCBEE8E58B8}"
EndProject
Project("{FAE04EC0-301F-11D3-BF4B-00C04F79EFBC}") = "Mono.BlueZ.DBus", "Mono.BlueZ.DBus\Mono.BlueZ.DBus.csproj", "{68E6EB3B-4076-48F6-9EB6-1181057C0977}"
EndProject
Global
	GlobalSection(SolutionConfigurationPlatforms) = preSolution
		Debug|Any CPU = Debug|Any CPU
		Release|Any CPU = Release|Any CPU
	EndGlobalSection
	GlobalSection(ProjectConfigurationPlatforms) = postSolution
		{204FAAAD-B023-4C0A-875D-BFCBEE8E58B8}.Debug|Any CPU.ActiveCfg = Debug|Any CPU
		{204FAAAD-B023-4C0A-875D-BFCBEE8E58B8}.Debug|Any CPU.Build.0 = Debug|Any CPU
		{204FAAAD-B023-4C0A-875D-BFCBEE8E58B8}.Release|Any CPU.ActiveCfg = Release|Any CPU
		{204FAAAD-B023-4C0A-875D-BFCBEE8E58B8}.Release|Any CPU.Build.0 = Release|Any CPU
		{68E6EB3B-4076-48F6-9EB6-1181057C0977}.Debug|Any CPU.ActiveCfg = Debug|Any CPU
		{68E6EB3B-4076-48F6-9EB6-1181057C0977}.Debug|Any CPU.Build.0 = Debug|Any CPU
		{68E6EB3B-4076-48F6-9EB6-1181057C0977}.Release|Any CPU.ActiveCfg = Release|Any CPU
		{68E6EB3B-4076-48F6-9EB6-1181057C0977}.Release|Any CPU.Build.0 = Release|Any CPU
	EndGlobalSection
	GlobalSection(MonoDevelopProperties) = preSolution
		StartupItem = Mono.BlueZ\Mono.BlueZ.csproj
	EndGlobalSection
EndGlobal
